
Microsoft Visual Studio Solution File, Format Version 12.00
# Visual Studio Version 17
VisualStudioVersion = 17.4.33122.133
MinimumVisualStudioVersion = 10.0.40219.1
Project("{FAE04EC0-301F-11D3-BF4B-00C04F79EFBC}") = "12112023_JQuery", "12112023_JQuery\12112023_JQuery.csproj", "{C4AABED3-AD6E-4345-9473-9118A6F04DC4}"
EndProject
Global
	GlobalSection(SolutionConfigurationPlatforms) = preSolution
		Debug|Any CPU = Debug|Any CPU
		Release|Any CPU = Release|Any CPU
	EndGlobalSection
	GlobalSection(ProjectConfigurationPlatforms) = postSolution
		{C4AABED3-AD6E-4345-9473-9118A6F04DC4}.Debug|Any CPU.ActiveCfg = Debug|Any CPU
		{C4AABED3-AD6E-4345-9473-9118A6F04DC4}.Debug|Any CPU.Build.0 = Debug|Any CPU
		{C4AABED3-AD6E-4345-9473-9118A6F04DC4}.Release|Any CPU.ActiveCfg = Release|Any CPU
		{C4AABED3-AD6E-4345-9473-9118A6F04DC4}.Release|Any CPU.Build.0 = Release|Any CPU
	EndGlobalSection
	GlobalSection(SolutionProperties) = preSolution
		HideSolutionNode = FALSE
	EndGlobalSection
	GlobalSection(ExtensibilityGlobals) = postSolution
		SolutionGuid = {76989E0F-05B3-4315-837E-EF0A0DC02002}
	EndGlobalSection
EndGlobal
